NeoBundleLock ctrlp.vim 9e2081a55d9be21634505d98b9905ac156d718e7
NeoBundleLock neobundle.vim 1a93153a902db58e1c502da1013162805c9bf1ea
NeoBundleLock nerdtree 9e2081a55d9be21634505d98b9905ac156d718e7
NeoBundleLock vim-coffee-script 9e2081a55d9be21634505d98b9905ac156d718e7
NeoBundleLock vim-easymotion 9e2081a55d9be21634505d98b9905ac156d718e7
